// !$*UTF8*$!
{
	archiveVersion = 1;
	classes = {
	};
	objectVersion = 50;
	objects = {

/* Begin PBXBuildFile section */
		BA7A5CB3251506CA006E47D4 /* ThingsILove.swift in Sources */ = {isa = PBXBuildFile; fileRef = BA7A5CB2251506CA006E47D4 /* ThingsILove.swift */; };
		BA7A5CB625150781006E47D4 /* ThingsIAmPassionateAbout.swift in Sources */ = {isa = PBXBuildFile; fileRef = BA7A5CB525150781006E47D4 /* ThingsIAmPassionateAbout.swift */; };
		BAE56B26251290DD008056D9 /* AppDelegate.swift in Sources */ = {isa = PBXBuildFile; fileRef = BAE56B25251290DD008056D9 /* AppDelegate.swift */; };
		BAE56B28251290DD008056D9 /* SceneDelegate.swift in Sources */ = {isa = PBXBuildFile; fileRef = BAE56B27251290DD008056D9 /* SceneDelegate.swift */; };
		BAE56B2A251290DD008056D9 /* ContentView.swift in Sources */ = {isa = PBXBuildFile; fileRef = BAE56B29251290DD008056D9 /* ContentView.swift */; };
		BAE56B2C251290E0008056D9 /* Assets.xcassets in Resources */ = {isa = PBXBuildFile; fileRef = BAE56B2B251290E0008056D9 /* Assets.xcassets */; };
		BAE56B2F251290E0008056D9 /* Preview Assets.xcassets in Resources */ = {isa = PBXBuildFile; fileRef = BAE56B2E251290E0008056D9 /* Preview Assets.xcassets */; };
		BAE56B32251290E0008056D9 /* LaunchScreen.storyboard in Resources */ = {isa = PBXBuildFile; fileRef = BAE56B30251290E0008056D9 /* LaunchScreen.storyboard */; };
/* End PBXBuildFile section */

/* Begin PBXFileReference section */
		BA7A5CB2251506CA006E47D4 /* ThingsILove.swift */ = {isa = PBXFileReference; lastKnownFileType = sourcecode.swift; path = ThingsILove.swift; sourceTree = "<group>"; };
		BA7A5CB525150781006E47D4 /* ThingsIAmPassionateAbout.swift */ = {isa = PBXFileReference; lastKnownFileType = sourcecode.swift; path = ThingsIAmPassionateAbout.swift; sourceTree = "<group>"; };
		BAE56B22251290DD008056D9 /* FavouriteThings.app */ = {isa = PBXFileReference; explicitFileType = wrapper.application; includeInIndex = 0; path = FavouriteThings.app; sourceTree = BUILT_PRODUCTS_DIR; };
		BAE56B25251290DD008056D9 /* AppDelegate.swift */ = {isa = PBXFileReference; lastKnownFileType = sourcecode.swift; path = AppDelegate.swift; sourceTree = "<group>"; };
		BAE56B27251290DD008056D9 /* SceneDelegate.swift */ = {isa = PBXFileReference; lastKnownFileType = sourcecode.swift; path = SceneDelegate.swift; sourceTree = "<group>"; };
		BAE56B29251290DD008056D9 /* ContentView.swift */ = {isa = PBXFileReference; lastKnownFileType = sourcecode.swift; path = ContentView.swift; sourceTree = "<group>"; };
		BAE56B2B251290E0008056D9 /* Assets.xcassets */ = {isa = PBXFileReference; lastKnownFileType = folder.assetcatalog; path = Assets.xcassets; sourceTree = "<group>"; };
		BAE56B2E251290E0008056D9 /* Preview Assets.xcassets */ = {isa = PBXFileReference; lastKnownFileType = folder.assetcatalog; path = "Preview Assets.xcassets"; sourceTree = "<group>"; };
		BAE56B31251290E0008056D9 /* Base */ = {isa = PBXFileReference; lastKnownFileType = file.storyboard; name = Base; path = Base.lproj/LaunchScreen.storyboard; sourceTree = "<group>"; };
		BAE56B33251290E0008056D9 /* Info.plist */ = {isa = PBXFileReference; lastKnownFileType = text.plist.xml; path = Info.plist; sourceTree = "<group>"; };
/* End PBXFileReference section */

/* Begin PBXFrameworksBuildPhase section */
		BAE56B1F251290DD008056D9 /* Frameworks */ = {
			isa = PBXFrameworksBuildPhase;
			buildActionMask = 2147483647;
			files = (
			);
			runOnlyForDeploymentPostprocessing = 0;
		};
/* End PBXFrameworksBuildPhase section */

/* Begin PBXGroup section */
		BAE56B19251290DD008056D9 = {
			isa = PBXGroup;
			children = (
				BAE56B24251290DD008056D9 /* FavouriteThings */,
				BAE56B23251290DD008056D9 /* Products */,
			);
			sourceTree = "<group>";
		};
		BAE56B23251290DD008056D9 /* Products */ = {
			isa = PBXGroup;
			children = (
				BAE56B22251290DD008056D9 /* FavouriteThings.app */,
			);
			name = Products;
			sourceTree = "<group>";
		};
		BAE56B24251290DD008056D9 /* FavouriteThings */ = {
			isa = PBXGroup;
			children = (
				BAE56B25251290DD008056D9 /* AppDelegate.swift */,
				BAE56B27251290DD008056D9 /* SceneDelegate.swift */,
				BAE56B29251290DD008056D9 /* ContentView.swift */,
				BAE56B2B251290E0008056D9 /* Assets.xcassets */,
				BAE56B30251290E0008056D9 /* LaunchScreen.storyboard */,
				BAE56B33251290E0008056D9 /* Info.plist */,
				BAE56B2D251290E0008056D9 /* Preview Content */,
				BA7A5CB2251506CA006E47D4 /* ThingsILove.swift */,
				BA7A5CB525150781006E47D4 /* ThingsIAmPassionateAbout.swift */,
			);
			path = FavouriteThings;
			sourceTree = "<group>";
		};
		BAE56B2D251290E0008056D9 /* Preview Content */ = {
			isa = PBXGroup;
			children = (
				BAE56B2E251290E0008056D9 /* Preview Assets.xcassets */,
			);
			path = "Preview Content";
			sourceTree = "<group>";
		};
/* End PBXGroup section */

/* Begin PBXNativeTarget section */
		BAE56B21251290DD008056D9 /* FavouriteThings */ = {
			isa = PBXNativeTarget;
			buildConfigurationList = BAE56B36251290E0008056D9 /* Build configuration list for PBXNativeTarget "FavouriteThings" */;
			buildPhases = (
				BAE56B1E251290DD008056D9 /* Sources */,
				BAE56B1F251290DD008056D9 /* Frameworks */,
				BAE56B20251290DD008056D9 /* Resources */,
			);
			buildRules = (
			);
			dependencies = (
			);
			name = FavouriteThings;
			productName = FavouriteThings;
			productReference = BAE56B22251290DD008056D9 /* FavouriteThings.app */;
			productType = "com.apple.product-type.application";
		};
/* End PBXNativeTarget section */

/* Begin PBXProject section */
		BAE56B1A251290DD008056D9 /* Project object */ = {
			isa = PBXProject;
			attributes = {
				LastSwiftUpdateCheck = 1170;
				LastUpgradeCheck = 1170;
				ORGANIZATIONNAME = "Peng, Amelia";
				TargetAttributes = {
					BAE56B21251290DD008056D9 = {
						CreatedOnToolsVersion = 11.7;
					};
				};
			};
			buildConfigurationList = BAE56B1D251290DD008056D9 /* Build configuration list for PBXProject "FavouriteThings" */;
			compatibilityVersion = "Xcode 9.3";
			developmentRegion = en;
			hasScannedForEncodings = 0;
			knownRegions = (
				en,
				Base,
			);
			mainGroup = BAE56B19251290DD008056D9;
			productRefGroup = BAE56B23251290DD008056D9 /* Products */;
			projectDirPath = "";
			projectRoot = "";
			targets = (
				BAE56B21251290DD008056D9 /* FavouriteThings */,
			);
		};
/* End PBXProject section */

/* Begin PBXResourcesBuildPhase section */
		BAE56B20251290DD008056D9 /* Resources */ = {
			isa = PBXResourcesBuildPhase;
			buildActionMask = 2147483647;
			files = (
				BAE56B32251290E0008056D9 /* LaunchScreen.storyboard in Resources */,
				BAE56B2F251290E0008056D9 /* Preview Assets.xcassets in Resources */,
				BAE56B2C251290E0008056D9 /* Assets.xcassets in Resources */,
			);
			runOnlyForDeploymentPostprocessing = 0;
		};
/* End PBXResourcesBuildPhase section */

/* Begin PBXSourcesBuildPhase section */
		BAE56B1E251290DD008056D9 /* Sources */ = {
			isa = PBXSourcesBuildPhase;
			buildActionMask = 2147483647;
			files = (
				BA7A5CB3251506CA006E47D4 /* ThingsILove.swift in Sources */,
				BA7A5CB625150781006E47D4 /* ThingsIAmPassionateAbout.swift in Sources */,
				BAE56B26251290DD008056D9 /* AppDelegate.swift in Sources */,
				BAE56B28251290DD008056D9 /* SceneDelegate.swift in Sources */,
				BAE56B2A251290DD008056D9 /* ContentView.swift in Sources */,
			);
			runOnlyForDeploymentPostprocessing = 0;
		};
/* End PBXSourcesBuildPhase section */

/* Begin PBXVariantGroup section */
		BAE56B30251290E0008056D9 /* LaunchScreen.storyboard */ = {
			isa = PBXVariantGroup;
			children = (
				BAE56B31251290E0008056D9 /* Base */,
			);
			name = LaunchScreen.storyboard;
			sourceTree = "<group>";
		};
/* End PBXVariantGroup section */

/* Begin XCBuildConfiguration section */
		BAE56B34251290E0008056D9 /* Debug */ = {
			isa = XCBuildConfiguration;
			buildSettings = {
				ALWAYS_SEARCH_USER_PATHS = NO;
				CLANG_ANALYZER_NONNULL = YES;
				CLANG_ANALYZER_NUMBER_OBJECT_CONVERSION = YES_AGGRESSIVE;
				CLANG_CXX_LANGUAGE_STANDARD = "gnu++14";
				CLANG_CXX_LIBRARY = "libc++";
				CLANG_ENABLE_MODULES = YES;
				CLANG_ENABLE_OBJC_ARC = YES;
				CLANG_ENABLE_OBJC_WEAK = YES;
				CLANG_WARN_BLOCK_CAPTURE_AUTORELEASING = YES;
				CLANG_WARN_BOOL_CONVERSION = YES;
				CLANG_WARN_COMMA = YES;
				CLANG_WARN_CONSTANT_CONVERSION = YES;
				CLANG_WARN_DEPRECATED_OBJC_IMPLEMENTATIONS = YES;
				CLANG_WARN_DIRECT_OBJC_ISA_USAGE = YES_ERROR;
				CLANG_WARN_DOCUMENTATION_COMMENTS = YES;
				CLANG_WARN_EMPTY_BODY = YES;
				CLANG_WARN_ENUM_CONVERSION = YES;
				CLANG_WARN_INFINITE_RECURSION = YES;
				CLANG_WARN_INT_CONVERSION = YES;
				CLANG_WARN_NON_LITERAL_NULL_CONVERSION = YES;
				CLANG_WARN_OBJC_IMPLICIT_RETAIN_SELF = YES;
				CLANG_WARN_OBJC_LITERAL_CONVERSION = YES;
				CLANG_WARN_OBJC_ROOT_CLASS = YES_ERROR;
				CLANG_WARN_RANGE_LOOP_ANALYSIS = YES;
				CLANG_WARN_STRICT_PROTOTYPES = YES;
				CLANG_WARN_SUSPICIOUS_MOVE = YES;
				CLANG_WARN_UNGUARDED_AVAILABILITY = YES_AGGRESSIVE;
				CLANG_WARN_UNREACHABLE_CODE = YES;
				CLANG_WARN__DUPLICATE_METHOD_MATCH = YES;
				COPY_PHASE_STRIP = NO;
				DEBUG_INFORMATION_FORMAT = dwarf;
				ENABLE_STRICT_OBJC_MSGSEND = YES;
				ENABLE_TESTABILITY = YES;
				GCC_C_LANGUAGE_STANDARD = gnu11;
				GCC_DYNAMIC_NO_PIC = NO;
				GCC_NO_COMMON_BLOCKS = YES;
				GCC_OPTIMIZATION_LEVEL = 0;
				GCC_PREPROCESSOR_DEFINITIONS = (
					"DEBUG=1",
					"$(inherited)",
				);
				GCC_WARN_64_TO_32_BIT_CONVERSION = YES;
				GCC_WARN_ABOUT_RETURN_TYPE = YES_ERROR;
				GCC_WARN_UNDECLARED_SELECTOR = YES;
				GCC_WARN_UNINITIALIZED_AUTOS = YES_AGGRESSIVE;
				GCC_WARN_UNUSED_FUNCTION = YES;
				GCC_WARN_UNUSED_VARIABLE = YES;
				IPHONEOS_DEPLOYMENT_TARGET = 13.7;
				MTL_ENABLE_DEBUG_INFO = INCLUDE_SOURCE;
				MTL_FAST_MATH = YES;
				ONLY_ACTIVE_ARCH = YES;
				SDKROOT = iphoneos;
				SWIFT_ACTIVE_COMPILATION_CONDITIONS = DEBUG;
				SWIFT_OPTIMIZATION_LEVEL = "-Onone";
			};
			name = Debug;
		};
		BAE56B35251290E0008056D9 /* Release */ = {
			isa = XCBuildConfiguration;
			buildSettings = {
				ALWAYS_SEARCH_USER_PATHS = NO;
				CLANG_ANALYZER_NONNULL = YES;
				CLANG_ANALYZER_NUMBER_OBJECT_CONVERSION = YES_AGGRESSIVE;
				CLANG_CXX_LANGUAGE_STANDARD = "gnu++14";
				CLANG_CXX_LIBRARY = "libc++";
				CLANG_ENABLE_MODULES = YES;
				CLANG_ENABLE_OBJC_ARC = YES;
				CLANG_ENABLE_OBJC_WEAK = YES;
				CLANG_WARN_BLOCK_CAPTURE_AUTORELEASING = YES;
				CLANG_WARN_BOOL_CONVERSION = YES;
				CLANG_WARN_COMMA = YES;
				CLANG_WARN_CONSTANT_CONVERSION = YES;
				CLANG_WARN_DEPRECATED_OBJC_IMPLEMENTATIONS = YES;
				CLANG_WARN_DIRECT_OBJC_ISA_USAGE = YES_ERROR;
				CLANG_WARN_DOCUMENTATION_COMMENTS = YES;
				CLANG_WARN_EMPTY_BODY = YES;
				CLANG_WARN_ENUM_CONVERSION = YES;
				CLANG_WARN_INFINITE_RECURSION = YES;
				CLANG_WARN_INT_CONVERSION = YES;
				CLANG_WARN_NON_LITERAL_NULL_CONVERSION = YES;
				CLANG_WARN_OBJC_IMPLICIT_RETAIN_SELF = YES;
				CLANG_WARN_OBJC_LITERAL_CONVERSION = YES;
				CLANG_WARN_OBJC_ROOT_CLASS = YES_ERROR;
				CLANG_WARN_RANGE_LOOP_ANALYSIS = YES;
				CLANG_WARN_STRICT_PROTOTYPES = YES;
				CLANG_WARN_SUSPICIOUS_MOVE = YES;
				CLANG_WARN_UNGUARDED_AVAILABILITY = YES_AGGRESSIVE;
				CLANG_WARN_UNREACHABLE_CODE = YES;
				CLANG_WARN__DUPLICATE_METHOD_MATCH = YES;
				COPY_PHASE_STRIP = NO;
				DEBUG_INFORMATION_FORMAT = "dwarf-with-dsym";
				ENABLE_NS_ASSERTIONS = NO;
				ENABLE_STRICT_OBJC_MSGSEND = YES;
				GCC_C_LANGUAGE_STANDARD = gnu11;
				GCC_NO_COMMON_BLOCKS = YES;
				GCC_WARN_64_TO_32_BIT_CONVERSION = YES;
				GCC_WARN_ABOUT_RETURN_TYPE = YES_ERROR;
				GCC_WARN_UNDECLARED_SELECTOR = YES;
				GCC_WARN_UNINITIALIZED_AUTOS = YES_AGGRESSIVE;
				GCC_WARN_UNUSED_FUNCTION = YES;
				GCC_WARN_UNUSED_VARIABLE = YES;
				IPHONEOS_DEPLOYMENT_TARGET = 13.7;
				MTL_ENABLE_DEBUG_INFO = NO;
				MTL_FAST_MATH = YES;
				SDKROOT = iphoneos;
				SWIFT_COMPILATION_MODE = wholemodule;
				SWIFT_OPTIMIZATION_LEVEL = "-O";
				VALIDATE_PRODUCT = YES;
			};
			name = Release;
		};
		BAE56B37251290E0008056D9 /* Debug */ = {
			isa = XCBuildConfiguration;
			buildSettings = {
				ASSETCATALOG_COMPILER_APPICON_NAME = AppIcon;
				CODE_SIGN_STYLE = Automatic;
				DEVELOPMENT_ASSET_PATHS = "\"FavouriteThings/Preview Content\"";
				DEVELOPMENT_TEAM = XZ7G2C64NA;
				ENABLE_PREVIEWS = YES;
				INFOPLIST_FILE = FavouriteThings/Info.plist;
				LD_RUNPATH_SEARCH_PATHS = (
					"$(inherited)",
					"@executable_path/Frameworks",
				);
				PRODUCT_BUNDLE_IDENTIFIER = ca.pengamelia.FavouriteThings;
				PRODUCT_NAME = "$(TARGET_NAME)";
				SWIFT_VERSION = 5.0;
				TARGETED_DEVICE_FAMILY = "1,2";
			};
			name = Debug;
		};
		BAE56B38251290E0008056D9 /* Release */ = {
			isa = XCBuildConfiguration;
			buildSettings = {
				ASSETCATALOG_COMPILER_APPICON_NAME = AppIcon;
				CODE_SIGN_STYLE = Automatic;
				DEVELOPMENT_ASSET_PATHS = "\"FavouriteThings/Preview Content\"";
				DEVELOPMENT_TEAM = XZ7G2C64NA;
				ENABLE_PREVIEWS = YES;
				INFOPLIST_FILE = FavouriteThings/Info.plist;
				LD_RUNPATH_SEARCH_PATHS = (
					"$(inherited)",
					"@executable_path/Frameworks",
				);
				PRODUCT_BUNDLE_IDENTIFIER = ca.pengamelia.FavouriteThings;
				PRODUCT_NAME = "$(TARGET_NAME)";
				SWIFT_VERSION = 5.0;
				TARGETED_DEVICE_FAMILY = "1,2";
			};
			name = Release;
		};
/* End XCBuildConfiguration section */

/* Begin XCConfigurationList section */
		BAE56B1D251290DD008056D9 /* Build configuration list for PBXProject "FavouriteThings" */ = {
			isa = XCConfigurationList;
			buildConfigurations = (
				BAE56B34251290E0008056D9 /* Debug */,
				BAE56B35251290E0008056D9 /* Release */,
			);
			defaultConfigurationIsVisible = 0;
			defaultConfigurationName = Release;
		};
		BAE56B36251290E0008056D9 /* Build configuration list for PBXNativeTarget "FavouriteThings" */ = {
			isa = XCConfigurationList;
			buildConfigurations = (
				BAE56B37251290E0008056D9 /* Debug */,
				BAE56B38251290E0008056D9 /* Release */,
			);
			defaultConfigurationIsVisible = 0;
			defaultConfigurationName = Release;
		};
/* End XCConfigurationList section */
	};
	rootObject = BAE56B1A251290DD008056D9 /* Project object */;
}
